<?xml version="1.0" encoding="utf-8"?>
<Project ToolsVersion="4.0" xmlns="http://schemas.microsoft.com/developer/msbuild/2003">
  <ItemGroup>
    <ClCompile Include="main.cpp" />
    <ClCompile Include="view\MainWindow.cpp">
      <Filter>view</Filter>
    </ClCompile>
    <ClCompile Include="view\PlayerNode.cpp">
      <Filter>view</Filter>
    </ClCompile>
    <ClCompile Include="view\Ballancer.cpp">
      <Filter>view</Filter>
    </ClCompile>
    <ClCompile Include="view\BallancerSlot.cpp">
      <Filter>view</Filter>
    </ClCompile>
    <ClCompile Include="view\BallanceSlotData.cpp">
      <Filter>view</Filter>
    </ClCompile>
    <ClCompile Include="view\EditProfileDialog.cpp">
      <Filter>view</Filter>
    </ClCompile>
    <ClCompile Include="view\ScrollableSectionList.cpp">
      <Filter>view</Filter>
    </ClCompile>
    <ClCompile Include="view\PlayerLists.cpp">
      <Filter>model</Filter>
    </ClCompile>
    <ClCompile Include="model\Player.cpp">
      <Filter>model</Filter>
    </ClCompile>
    <ClCompile Include="model\JSONParser.cpp">
      <Filter>model</Filter>
    </ClCompile>
    <ClCompile Include="model\Team.cpp">
      <Filter>model</Filter>
    </ClCompile>
    <ClCompile Include="model\BallanceCounter.cpp">
      <Filter>model</Filter>
    </ClCompile>
    <ClCompile Include="model\CapSquireMapper.cpp">
      <Filter>model</Filter>
    </ClCompile>
    <ClCompile Include="model\MainRecursiveBallance.cpp">
      <Filter>model</Filter>
    </ClCompile>
    <ClCompile Include="model\PList.cpp" />
  </ItemGroup>
  <ItemGroup>
    <Filter Include="model">
      <UniqueIdentifier>{5fb4c2b6-343b-4722-86ca-d0e17bbd7424}</UniqueIdentifier>
    </Filter>
    <Filter Include="model\headers">
      <UniqueIdentifier>{d445b29b-c3a3-4847-ab10-c53ac725114e}</UniqueIdentifier>
    </Filter>
    <Filter Include="view">
      <UniqueIdentifier>{4649ac8c-da59-42ed-af6d-fc7bf63b39ed}</UniqueIdentifier>
    </Filter>
    <Filter Include="view\headers">
      <UniqueIdentifier>{3a049e3f-12bf-4b1f-8cb5-1a82a7821769}</UniqueIdentifier>
    </Filter>
    <Filter Include="view\ui">
      <UniqueIdentifier>{b40cdfcf-af7c-4ed3-afe9-f5db366d6458}</UniqueIdentifier>
    </Filter>
  </ItemGroup>
  <ItemGroup>
    <ClInclude Include="model\headers\Role.h">
      <Filter>model\headers</Filter>
    </ClInclude>
    <ClInclude Include="model\headers\Player.h">
      <Filter>model\headers</Filter>
    </ClInclude>
    <ClInclude Include="model\headers\Identity.h">
      <Filter>model\headers</Filter>
    </ClInclude>
    <ClInclude Include="model\headers\Classes.h">
      <Filter>model\headers</Filter>
    </ClInclude>
    <ClInclude Include="view\header\BallanceSlotData.h">
      <Filter>view\headers</Filter>
    </ClInclude>
    <ClInclude Include="view\header\PlayerLists.h">
      <Filter>model\headers</Filter>
    </ClInclude>
    <ClInclude Include="model\headers\JSONParser.h">
      <Filter>model\headers</Filter>
    </ClInclude>
    <ClInclude Include="model\headers\JSON.h">
      <Filter>model\headers</Filter>
    </ClInclude>
    <ClInclude Include="model\headers\Stats.h">
      <Filter>model\headers</Filter>
    </ClInclude>
    <ClInclude Include="model\headers\Team.h">
      <Filter>model\headers</Filter>
    </ClInclude>
    <ClInclude Include="model\headers\Roles.h">
      <Filter>model\headers</Filter>
    </ClInclude>
    <ClInclude Include="model\headers\BallanceCounter.h">
      <Filter>model\headers</Filter>
    </ClInclude>
    <ClInclude Include="model\headers\PList.h" />
  </ItemGroup>
  <ItemGroup>
    <QtMoc Include="view\header\MainWindow.h">
      <Filter>view\headers</Filter>
    </QtMoc>
    <QtMoc Include="view\header\PlayerNode.h">
      <Filter>view\headers</Filter>
    </QtMoc>
    <QtMoc Include="view\header\ScrollableSectionList.h">
      <Filter>view\headers</Filter>
    </QtMoc>
    <QtMoc Include="view\header\Ballancer.h">
      <Filter>view\headers</Filter>
    </QtMoc>
    <QtMoc Include="view\header\BallancerSlot.h">
      <Filter>view\headers</Filter>
    </QtMoc>
    <QtMoc Include="view\header\EditProfileDialog.h">
      <Filter>view\headers</Filter>
    </QtMoc>
  </ItemGroup>
  <ItemGroup>
    <QtUic Include="view\ui\PlayerNode.ui">
      <Filter>view\ui</Filter>
    </QtUic>
    <QtUic Include="view\ui\MainWindow.ui">
      <Filter>view\ui</Filter>
    </QtUic>
    <QtUic Include="view\ui\ScrollableSectionList.ui">
      <Filter>view\ui</Filter>
    </QtUic>
    <QtUic Include="view\ui\Ballancer.ui">
      <Filter>view\ui</Filter>
    </QtUic>
    <QtUic Include="view\ui\BallancerSlot.ui">
      <Filter>view\ui</Filter>
    </QtUic>
    <QtUic Include="view\ui\EditProfileDialog.ui">
      <Filter>view\ui</Filter>
    </QtUic>
  </ItemGroup>
</Project>