<?xml version="1.0" encoding="utf-8"?>
<Project ToolsVersion="4.0" xmlns="http://schemas.microsoft.com/developer/msbuild/2003">
  <ItemGroup>
    <ClCompile Include="main.cpp" />
    <ClCompile Include="MainWindow.cpp">
      <Filter>view</Filter>
    </ClCompile>
    <ClCompile Include="PlayerNode.cpp">
      <Filter>view</Filter>
    </ClCompile>
    <ClCompile Include="Ballancer.cpp">
      <Filter>view</Filter>
    </ClCompile>
    <ClCompile Include="BallancerSlot.cpp">
      <Filter>view</Filter>
    </ClCompile>
    <ClCompile Include="BallanceSlotData.cpp">
      <Filter>view</Filter>
    </ClCompile>
    <ClCompile Include="EditProfileDialog.cpp">
      <Filter>view</Filter>
    </ClCompile>
    <ClCompile Include="ScrollableSectionList.cpp">
      <Filter>view</Filter>
    </ClCompile>
    <ClCompile Include="PlayerLists.cpp">
      <Filter>model</Filter>
    </ClCompile>
  </ItemGroup>
  <ItemGroup>
    <Filter Include="model">
      <UniqueIdentifier>{5fb4c2b6-343b-4722-86ca-d0e17bbd7424}</UniqueIdentifier>
    </Filter>
    <Filter Include="model\headers">
      <UniqueIdentifier>{d445b29b-c3a3-4847-ab10-c53ac725114e}</UniqueIdentifier>
    </Filter>
    <Filter Include="view">
      <UniqueIdentifier>{4649ac8c-da59-42ed-af6d-fc7bf63b39ed}</UniqueIdentifier>
    </Filter>
    <Filter Include="view\headers">
      <UniqueIdentifier>{3a049e3f-12bf-4b1f-8cb5-1a82a7821769}</UniqueIdentifier>
    </Filter>
    <Filter Include="view\ui">
      <UniqueIdentifier>{b40cdfcf-af7c-4ed3-afe9-f5db366d6458}</UniqueIdentifier>
    </Filter>
  </ItemGroup>
  <ItemGroup>
    <ClInclude Include="Role.h">
      <Filter>model\headers</Filter>
    </ClInclude>
    <ClInclude Include="Player.h">
      <Filter>model\headers</Filter>
    </ClInclude>
    <ClInclude Include="Identity.h">
      <Filter>model\headers</Filter>
    </ClInclude>
    <ClInclude Include="Stats.h">
      <Filter>model\headers</Filter>
    </ClInclude>
    <ClInclude Include="Players.h">
      <Filter>model\headers</Filter>
    </ClInclude>
    <ClInclude Include="BallanceSlotData.h">
      <Filter>view\headers</Filter>
    </ClInclude>
    <ClInclude Include="PlayerLists.h">
      <Filter>model\headers</Filter>
    </ClInclude>
  </ItemGroup>
  <ItemGroup>
    <QtMoc Include="MainWindow.h">
      <Filter>view\headers</Filter>
    </QtMoc>
    <QtMoc Include="PlayerNode.h">
      <Filter>view\headers</Filter>
    </QtMoc>
    <QtMoc Include="ScrollableSectionList.h">
      <Filter>view\headers</Filter>
    </QtMoc>
    <QtMoc Include="Ballancer.h">
      <Filter>view\headers</Filter>
    </QtMoc>
    <QtMoc Include="BallancerSlot.h">
      <Filter>view\headers</Filter>
    </QtMoc>
    <QtMoc Include="EditProfileDialog.h">
      <Filter>view\headers</Filter>
    </QtMoc>
  </ItemGroup>
  <ItemGroup>
    <QtUic Include="PlayerNode.ui">
      <Filter>view\ui</Filter>
    </QtUic>
    <QtUic Include="MainWindow.ui">
      <Filter>view\ui</Filter>
    </QtUic>
    <QtUic Include="ScrollableSectionList.ui">
      <Filter>view\ui</Filter>
    </QtUic>
    <QtUic Include="Ballancer.ui">
      <Filter>view\ui</Filter>
    </QtUic>
    <QtUic Include="BallancerSlot.ui">
      <Filter>view\ui</Filter>
    </QtUic>
    <QtUic Include="EditProfileDialog.ui">
      <Filter>view\ui</Filter>
    </QtUic>
  </ItemGroup>
</Project>